
Microsoft Visual Studio Solution File, Format Version 12.00
# Visual Studio 15
VisualStudioVersion = 15.0.26124.0
MinimumVisualStudioVersion = 15.0.26124.0
Project("{FAE04EC0-301F-11D3-BF4B-00C04F79EFBC}") = "CulinaMS.Models", "CulinaMS.Models\CulinaMS.Models.csproj", "{608E9D75-192A-4D1E-9B77-4BA380440DA5}"
EndProject
Project("{FAE04EC0-301F-11D3-BF4B-00C04F79EFBC}") = "CulinaMS.Server", "CulinaMS.Server\CulinaMS.Server.csproj", "{D8210C3B-D41F-4DAE-9A34-EB50B685AD89}"
EndProject
Project("{FAE04EC0-301F-11D3-BF4B-00C04F79EFBC}") = "CulinaMS.Api", "CulinaMS.Api\CulinaMS.Api.csproj", "{DBBBC1BD-BF7B-4A52-BBD4-67E51713F6E7}"
EndProject
Global
	GlobalSection(SolutionConfigurationPlatforms) = preSolution
		Debug|Any CPU = Debug|Any CPU
		Debug|x64 = Debug|x64
		Debug|x86 = Debug|x86
		Release|Any CPU = Release|Any CPU
		Release|x64 = Release|x64
		Release|x86 = Release|x86
	EndGlobalSection
	GlobalSection(SolutionProperties) = preSolution
		HideSolutionNode = FALSE
	EndGlobalSection
	GlobalSection(ProjectConfigurationPlatforms) = postSolution
		{608E9D75-192A-4D1E-9B77-4BA380440DA5}.Debug|Any CPU.ActiveCfg = Debug|Any CPU
		{608E9D75-192A-4D1E-9B77-4BA380440DA5}.Debug|Any CPU.Build.0 = Debug|Any CPU
		{608E9D75-192A-4D1E-9B77-4BA380440DA5}.Debug|x64.ActiveCfg = Debug|Any CPU
		{608E9D75-192A-4D1E-9B77-4BA380440DA5}.Debug|x64.Build.0 = Debug|Any CPU
		{608E9D75-192A-4D1E-9B77-4BA380440DA5}.Debug|x86.ActiveCfg = Debug|Any CPU
		{608E9D75-192A-4D1E-9B77-4BA380440DA5}.Debug|x86.Build.0 = Debug|Any CPU
		{608E9D75-192A-4D1E-9B77-4BA380440DA5}.Release|Any CPU.ActiveCfg = Release|Any CPU
		{608E9D75-192A-4D1E-9B77-4BA380440DA5}.Release|Any CPU.Build.0 = Release|Any CPU
		{608E9D75-192A-4D1E-9B77-4BA380440DA5}.Release|x64.ActiveCfg = Release|Any CPU
		{608E9D75-192A-4D1E-9B77-4BA380440DA5}.Release|x64.Build.0 = Release|Any CPU
		{608E9D75-192A-4D1E-9B77-4BA380440DA5}.Release|x86.ActiveCfg = Release|Any CPU
		{608E9D75-192A-4D1E-9B77-4BA380440DA5}.Release|x86.Build.0 = Release|Any CPU
		{D8210C3B-D41F-4DAE-9A34-EB50B685AD89}.Debug|Any CPU.ActiveCfg = Debug|Any CPU
		{D8210C3B-D41F-4DAE-9A34-EB50B685AD89}.Debug|Any CPU.Build.0 = Debug|Any CPU
		{D8210C3B-D41F-4DAE-9A34-EB50B685AD89}.Debug|x64.ActiveCfg = Debug|Any CPU
		{D8210C3B-D41F-4DAE-9A34-EB50B685AD89}.Debug|x64.Build.0 = Debug|Any CPU
		{D8210C3B-D41F-4DAE-9A34-EB50B685AD89}.Debug|x86.ActiveCfg = Debug|Any CPU
		{D8210C3B-D41F-4DAE-9A34-EB50B685AD89}.Debug|x86.Build.0 = Debug|Any CPU
		{D8210C3B-D41F-4DAE-9A34-EB50B685AD89}.Release|Any CPU.ActiveCfg = Release|Any CPU
		{D8210C3B-D41F-4DAE-9A34-EB50B685AD89}.Release|Any CPU.Build.0 = Release|Any CPU
		{D8210C3B-D41F-4DAE-9A34-EB50B685AD89}.Release|x64.ActiveCfg = Release|Any CPU
		{D8210C3B-D41F-4DAE-9A34-EB50B685AD89}.Release|x64.Build.0 = Release|Any CPU
		{D8210C3B-D41F-4DAE-9A34-EB50B685AD89}.Release|x86.ActiveCfg = Release|Any CPU
		{D8210C3B-D41F-4DAE-9A34-EB50B685AD89}.Release|x86.Build.0 = Release|Any CPU
		{DBBBC1BD-BF7B-4A52-BBD4-67E51713F6E7}.Debug|Any CPU.ActiveCfg = Debug|Any CPU
		{DBBBC1BD-BF7B-4A52-BBD4-67E51713F6E7}.Debug|Any CPU.Build.0 = Debug|Any CPU
		{DBBBC1BD-BF7B-4A52-BBD4-67E51713F6E7}.Debug|x64.ActiveCfg = Debug|Any CPU
		{DBBBC1BD-BF7B-4A52-BBD4-67E51713F6E7}.Debug|x64.Build.0 = Debug|Any CPU
		{DBBBC1BD-BF7B-4A52-BBD4-67E51713F6E7}.Debug|x86.ActiveCfg = Debug|Any CPU
		{DBBBC1BD-BF7B-4A52-BBD4-67E51713F6E7}.Debug|x86.Build.0 = Debug|Any CPU
		{DBBBC1BD-BF7B-4A52-BBD4-67E51713F6E7}.Release|Any CPU.ActiveCfg = Release|Any CPU
		{DBBBC1BD-BF7B-4A52-BBD4-67E51713F6E7}.Release|Any CPU.Build.0 = Release|Any CPU
		{DBBBC1BD-BF7B-4A52-BBD4-67E51713F6E7}.Release|x64.ActiveCfg = Release|Any CPU
		{DBBBC1BD-BF7B-4A52-BBD4-67E51713F6E7}.Release|x64.Build.0 = Release|Any CPU
		{DBBBC1BD-BF7B-4A52-BBD4-67E51713F6E7}.Release|x86.ActiveCfg = Release|Any CPU
		{DBBBC1BD-BF7B-4A52-BBD4-67E51713F6E7}.Release|x86.Build.0 = Release|Any CPU
	EndGlobalSection
EndGlobal
